
Microsoft Visual Studio Solution File, Format Version 12.00
# Visual Studio Version 17
VisualStudioVersion = 17.8.34525.116
MinimumVisualStudioVersion = 10.0.40219.1
Project("{FAE04EC0-301F-11D3-BF4B-00C04F79EFBC}") = "abstractas", "abstractas\abstractas.csproj", "{4EE21EAC-5B36-42FA-B989-DD1FA686952A}"
EndProject
Global
	GlobalSection(SolutionConfigurationPlatforms) = preSolution
		Debug|Any CPU = Debug|Any CPU
		Release|Any CPU = Release|Any CPU
	EndGlobalSection
	GlobalSection(ProjectConfigurationPlatforms) = postSolution
		{4EE21EAC-5B36-42FA-B989-DD1FA686952A}.Debug|Any CPU.ActiveCfg = Debug|Any CPU
		{4EE21EAC-5B36-42FA-B989-DD1FA686952A}.Debug|Any CPU.Build.0 = Debug|Any CPU
		{4EE21EAC-5B36-42FA-B989-DD1FA686952A}.Release|Any CPU.ActiveCfg = Release|Any CPU
		{4EE21EAC-5B36-42FA-B989-DD1FA686952A}.Release|Any CPU.Build.0 = Release|Any CPU
	EndGlobalSection
	GlobalSection(SolutionProperties) = preSolution
		HideSolutionNode = FALSE
	EndGlobalSection
	GlobalSection(ExtensibilityGlobals) = postSolution
		SolutionGuid = {B60CD8FF-D39D-425E-B796-73188099296F}
	EndGlobalSection
EndGlobal
